// !$*UTF8*$!
{
	archiveVersion = 1;
	classes = {
	};
	objectVersion = 50;
	objects = {

/* Begin PBXBuildFile section */
		A50F1DE02316CCDD007AA6C7 /* DetailMovieViewController.swift in Sources */ = {isa = PBXBuildFile; fileRef = A50F1DDE2316CCDD007AA6C7 /* DetailMovieViewController.swift */; };
		A50F1DE12316CCDD007AA6C7 /* DetailMovieViewController.xib in Resources */ = {isa = PBXBuildFile; fileRef = A50F1DDF2316CCDD007AA6C7 /* DetailMovieViewController.xib */; };
		A50FCAA62314330D00F0F3E5 /* OneViewController.swift in Sources */ = {isa = PBXBuildFile; fileRef = A50FCAA42314330D00F0F3E5 /* OneViewController.swift */; };
		A50FCAA72314330D00F0F3E5 /* OneViewController.xib in Resources */ = {isa = PBXBuildFile; fileRef = A50FCAA52314330D00F0F3E5 /* OneViewController.xib */; };
		A51A4D1C2315DCBA00BCE34D /* Movie.swift in Sources */ = {isa = PBXBuildFile; fileRef = A51A4D1B2315DCBA00BCE34D /* Movie.swift */; };
		A52199802314CBD1009F642D /* Services.swift in Sources */ = {isa = PBXBuildFile; fileRef = A521997F2314CBD1009F642D /* Services.swift */; };
		A531C1E22310865800007AFD /* AppDelegate.swift in Sources */ = {isa = PBXBuildFile; fileRef = A531C1E12310865800007AFD /* AppDelegate.swift */; };
		A531C1E92310865A00007AFD /* Assets.xcassets in Resources */ = {isa = PBXBuildFile; fileRef = A531C1E82310865A00007AFD /* Assets.xcassets */; };
		A531C1EC2310865A00007AFD /* LaunchScreen.storyboard in Resources */ = {isa = PBXBuildFile; fileRef = A531C1EA2310865A00007AFD /* LaunchScreen.storyboard */; };
		A57FA17A2314517C0012745F /* Movies.swift in Sources */ = {isa = PBXBuildFile; fileRef = A57FA1782314517C0012745F /* Movies.swift */; };
		A57FA17B2314517C0012745F /* SelectCollectionViewCell.xib in Resources */ = {isa = PBXBuildFile; fileRef = A57FA1792314517C0012745F /* SelectCollectionViewCell.xib */; };
		A57FA1852314584E0012745F /* Controller.swift in Sources */ = {isa = PBXBuildFile; fileRef = A57FA1842314584E0012745F /* Controller.swift */; };
		EB02F6F66CD1C879AB85191A /* Pods_Netix.framework in Frameworks */ = {isa = PBXBuildFile; fileRef = 1B93D686706E253780689BAE /* Pods_Netix.framework */; };
/* End PBXBuildFile section */

/* Begin PBXFileReference section */
		06F64475351037FCDD662CD7 /* Pods-Netix.release.xcconfig */ = {isa = PBXFileReference; includeInIndex = 1; lastKnownFileType = text.xcconfig; name = "Pods-Netix.release.xcconfig"; path = "Pods/Target Support Files/Pods-Netix/Pods-Netix.release.xcconfig"; sourceTree = "<group>"; };
		1B93D686706E253780689BAE /* Pods_Netix.framework */ = {isa = PBXFileReference; explicitFileType = wrapper.framework; includeInIndex = 0; path = Pods_Netix.framework; sourceTree = BUILT_PRODUCTS_DIR; };
		2A2B43451C3220BE97341088 /* Pods-Netix.debug.xcconfig */ = {isa = PBXFileReference; includeInIndex = 1; lastKnownFileType = text.xcconfig; name = "Pods-Netix.debug.xcconfig"; path = "Pods/Target Support Files/Pods-Netix/Pods-Netix.debug.xcconfig"; sourceTree = "<group>"; };
		A50F1DDE2316CCDD007AA6C7 /* DetailMovieViewController.swift */ = {isa = PBXFileReference; lastKnownFileType = sourcecode.swift; path = DetailMovieViewController.swift; sourceTree = "<group>"; };
		A50F1DDF2316CCDD007AA6C7 /* DetailMovieViewController.xib */ = {isa = PBXFileReference; lastKnownFileType = file.xib; path = DetailMovieViewController.xib; sourceTree = "<group>"; };
		A50FCAA42314330D00F0F3E5 /* OneViewController.swift */ = {isa = PBXFileReference; lastKnownFileType = sourcecode.swift; path = OneViewController.swift; sourceTree = "<group>"; };
		A50FCAA52314330D00F0F3E5 /* OneViewController.xib */ = {isa = PBXFileReference; lastKnownFileType = file.xib; path = OneViewController.xib; sourceTree = "<group>"; };
		A51A4D1B2315DCBA00BCE34D /* Movie.swift */ = {isa = PBXFileReference; lastKnownFileType = sourcecode.swift; path = Movie.swift; sourceTree = "<group>"; };
		A521997F2314CBD1009F642D /* Services.swift */ = {isa = PBXFileReference; lastKnownFileType = sourcecode.swift; path = Services.swift; sourceTree = "<group>"; };
		A53010172320B28300862761 /* README.md */ = {isa = PBXFileReference; lastKnownFileType = net.daringfireball.markdown; path = README.md; sourceTree = "<group>"; };
		A531C1DE2310865800007AFD /* Netix.app */ = {isa = PBXFileReference; explicitFileType = wrapper.application; includeInIndex = 0; path = Netix.app; sourceTree = BUILT_PRODUCTS_DIR; };
		A531C1E12310865800007AFD /* AppDelegate.swift */ = {isa = PBXFileReference; lastKnownFileType = sourcecode.swift; path = AppDelegate.swift; sourceTree = "<group>"; };
		A531C1E82310865A00007AFD /* Assets.xcassets */ = {isa = PBXFileReference; lastKnownFileType = folder.assetcatalog; path = Assets.xcassets; sourceTree = "<group>"; };
		A531C1EB2310865A00007AFD /* Base */ = {isa = PBXFileReference; lastKnownFileType = file.storyboard; name = Base; path = Base.lproj/LaunchScreen.storyboard; sourceTree = "<group>"; };
		A531C1ED2310865A00007AFD /* Info.plist */ = {isa = PBXFileReference; lastKnownFileType = text.plist.xml; path = Info.plist; sourceTree = "<group>"; };
		A57FA1782314517C0012745F /* Movies.swift */ = {isa = PBXFileReference; lastKnownFileType = sourcecode.swift; path = Movies.swift; sourceTree = "<group>"; };
		A57FA1792314517C0012745F /* SelectCollectionViewCell.xib */ = {isa = PBXFileReference; lastKnownFileType = file.xib; path = SelectCollectionViewCell.xib; sourceTree = "<group>"; };
		A57FA1842314584E0012745F /* Controller.swift */ = {isa = PBXFileReference; lastKnownFileType = sourcecode.swift; path = Controller.swift; sourceTree = "<group>"; };
/* End PBXFileReference section */

/* Begin PBXFrameworksBuildPhase section */
		A531C1DB2310865800007AFD /* Frameworks */ = {
			isa = PBXFrameworksBuildPhase;
			buildActionMask = 2147483647;
			files = (
				EB02F6F66CD1C879AB85191A /* Pods_Netix.framework in Frameworks */,
			);
			runOnlyForDeploymentPostprocessing = 0;
		};
/* End PBXFrameworksBuildPhase section */

/* Begin PBXGroup section */
		3B4FA16C9FA0855CC94B0054 /* Frameworks */ = {
			isa = PBXGroup;
			children = (
				1B93D686706E253780689BAE /* Pods_Netix.framework */,
			);
			name = Frameworks;
			sourceTree = "<group>";
		};
		A531C1D52310865800007AFD = {
			isa = PBXGroup;
			children = (
				A531C1E02310865800007AFD /* Netix */,
				A531C1DF2310865800007AFD /* Products */,
				CBE6F357E90152C2EC67E516 /* Pods */,
			);
			sourceTree = "<group>";
		};
		A531C1DF2310865800007AFD /* Products */ = {
			isa = PBXGroup;
			children = (
				A531C1DE2310865800007AFD /* Netix.app */,
			);
			name = Products;
			sourceTree = "<group>";
		};
		A531C1E02310865800007AFD /* Netix */ = {
			isa = PBXGroup;
			children = (
				A531C1F5231090EF00007AFD /* Controller */,
				A531C1F4231090E300007AFD /* View */,
				A57FA181231458340012745F /* Model */,
				A531C1E12310865800007AFD /* AppDelegate.swift */,
				A531C1E82310865A00007AFD /* Assets.xcassets */,
				A531C1EA2310865A00007AFD /* LaunchScreen.storyboard */,
				A531C1ED2310865A00007AFD /* Info.plist */,
				A53010172320B28300862761 /* README.md */,
			);
			path = Netix;
			sourceTree = "<group>";
		};
		A531C1F4231090E300007AFD /* View */ = {
			isa = PBXGroup;
			children = (
				A50FCAA42314330D00F0F3E5 /* OneViewController.swift */,
				A50FCAA52314330D00F0F3E5 /* OneViewController.xib */,
				A57FA1782314517C0012745F /* Movies.swift */,
				A57FA1792314517C0012745F /* SelectCollectionViewCell.xib */,
				A50F1DDE2316CCDD007AA6C7 /* DetailMovieViewController.swift */,
				A50F1DDF2316CCDD007AA6C7 /* DetailMovieViewController.xib */,
			);
			path = View;
			sourceTree = "<group>";
		};
		A531C1F5231090EF00007AFD /* Controller */ = {
			isa = PBXGroup;
			children = (
				A57FA1842314584E0012745F /* Controller.swift */,
			);
			path = Controller;
			sourceTree = "<group>";
		};
		A57FA181231458340012745F /* Model */ = {
			isa = PBXGroup;
			children = (
				A521997F2314CBD1009F642D /* Services.swift */,
				A51A4D1B2315DCBA00BCE34D /* Movie.swift */,
			);
			path = Model;
			sourceTree = "<group>";
		};
		CBE6F357E90152C2EC67E516 /* Pods */ = {
			isa = PBXGroup;
			children = (
				2A2B43451C3220BE97341088 /* Pods-Netix.debug.xcconfig */,
				06F64475351037FCDD662CD7 /* Pods-Netix.release.xcconfig */,
				3B4FA16C9FA0855CC94B0054 /* Frameworks */,
			);
			name = Pods;
			sourceTree = "<group>";
		};
/* End PBXGroup section */

/* Begin PBXNativeTarget section */
		A531C1DD2310865800007AFD /* Netix */ = {
			isa = PBXNativeTarget;
			buildConfigurationList = A531C1F02310865A00007AFD /* Build configuration list for PBXNativeTarget "Netix" */;
			buildPhases = (
				DA351C95559A711D9EAD3E63 /* [CP] Check Pods Manifest.lock */,
				A531C1DA2310865800007AFD /* Sources */,
				A531C1DB2310865800007AFD /* Frameworks */,
				A531C1DC2310865800007AFD /* Resources */,
				3804C4BB6AAC1730A1D0D24E /* [CP] Embed Pods Frameworks */,
			);
			buildRules = (
			);
			dependencies = (
			);
			name = Netix;
			productName = Netix;
			productReference = A531C1DE2310865800007AFD /* Netix.app */;
			productType = "com.apple.product-type.application";
		};
/* End PBXNativeTarget section */

/* Begin PBXProject section */
		A531C1D62310865800007AFD /* Project object */ = {
			isa = PBXProject;
			attributes = {
				LastSwiftUpdateCheck = 1010;
				LastUpgradeCheck = 1010;
				ORGANIZATIONNAME = Jenifer;
				TargetAttributes = {
					A531C1DD2310865800007AFD = {
						CreatedOnToolsVersion = 10.1;
					};
				};
			};
			buildConfigurationList = A531C1D92310865800007AFD /* Build configuration list for PBXProject "Netix" */;
			compatibilityVersion = "Xcode 9.3";
			developmentRegion = en;
			hasScannedForEncodings = 0;
			knownRegions = (
				en,
				Base,
			);
			mainGroup = A531C1D52310865800007AFD;
			productRefGroup = A531C1DF2310865800007AFD /* Products */;
			projectDirPath = "";
			projectRoot = "";
			targets = (
				A531C1DD2310865800007AFD /* Netix */,
			);
		};
/* End PBXProject section */

/* Begin PBXResourcesBuildPhase section */
		A531C1DC2310865800007AFD /* Resources */ = {
			isa = PBXResourcesBuildPhase;
			buildActionMask = 2147483647;
			files = (
				A531C1EC2310865A00007AFD /* LaunchScreen.storyboard in Resources */,
				A50F1DE12316CCDD007AA6C7 /* DetailMovieViewController.xib in Resources */,
				A531C1E92310865A00007AFD /* Assets.xcassets in Resources */,
				A50FCAA72314330D00F0F3E5 /* OneViewController.xib in Resources */,
				A57FA17B2314517C0012745F /* SelectCollectionViewCell.xib in Resources */,
			);
			runOnlyForDeploymentPostprocessing = 0;
		};
/* End PBXResourcesBuildPhase section */

/* Begin PBXShellScriptBuildPhase section */
		3804C4BB6AAC1730A1D0D24E /* [CP] Embed Pods Frameworks */ = {
			isa = PBXShellScriptBuildPhase;
			buildActionMask = 2147483647;
			files = (
			);
			inputFileListPaths = (
			);
			inputPaths = (
				"${SRCROOT}/Pods/Target Support Files/Pods-Netix/Pods-Netix-frameworks.sh",
				"${BUILT_PRODUCTS_DIR}/Alamofire/Alamofire.framework",
				"${BUILT_PRODUCTS_DIR}/Hero/Hero.framework",
				"${BUILT_PRODUCTS_DIR}/ObjectMapper/ObjectMapper.framework",
			);
			name = "[CP] Embed Pods Frameworks";
			outputFileListPaths = (
			);
			outputPaths = (
				"${TARGET_BUILD_DIR}/${FRAMEWORKS_FOLDER_PATH}/Alamofire.framework",
				"${TARGET_BUILD_DIR}/${FRAMEWORKS_FOLDER_PATH}/Hero.framework",
				"${TARGET_BUILD_DIR}/${FRAMEWORKS_FOLDER_PATH}/ObjectMapper.framework",
			);
			runOnlyForDeploymentPostprocessing = 0;
			shellPath = /bin/sh;
			shellScript = "\"${SRCROOT}/Pods/Target Support Files/Pods-Netix/Pods-Netix-frameworks.sh\"\n";
			showEnvVarsInLog = 0;
		};
		DA351C95559A711D9EAD3E63 /* [CP] Check Pods Manifest.lock */ = {
			isa = PBXShellScriptBuildPhase;
			buildActionMask = 2147483647;
			files = (
			);
			inputFileListPaths = (
			);
			inputPaths = (
				"${PODS_PODFILE_DIR_PATH}/Podfile.lock",
				"${PODS_ROOT}/Manifest.lock",
			);
			name = "[CP] Check Pods Manifest.lock";
			outputFileListPaths = (
			);
			outputPaths = (
				"$(DERIVED_FILE_DIR)/Pods-Netix-checkManifestLockResult.txt",
			);
			runOnlyForDeploymentPostprocessing = 0;
			shellPath = /bin/sh;
			shellScript = "diff \"${PODS_PODFILE_DIR_PATH}/Podfile.lock\" \"${PODS_ROOT}/Manifest.lock\" > /dev/null\nif [ $? != 0 ] ; then\n    # print error to STDERR\n    echo \"error: The sandbox is not in sync with the Podfile.lock. Run 'pod install' or update your CocoaPods installation.\" >&2\n    exit 1\nfi\n# This output is used by Xcode 'outputs' to avoid re-running this script phase.\necho \"SUCCESS\" > \"${SCRIPT_OUTPUT_FILE_0}\"\n";
			showEnvVarsInLog = 0;
		};
/* End PBXShellScriptBuildPhase section */

/* Begin PBXSourcesBuildPhase section */
		A531C1DA2310865800007AFD /* Sources */ = {
			isa = PBXSourcesBuildPhase;
			buildActionMask = 2147483647;
			files = (
				A57FA17A2314517C0012745F /* Movies.swift in Sources */,
				A52199802314CBD1009F642D /* Services.swift in Sources */,
				A531C1E22310865800007AFD /* AppDelegate.swift in Sources */,
				A51A4D1C2315DCBA00BCE34D /* Movie.swift in Sources */,
				A50F1DE02316CCDD007AA6C7 /* DetailMovieViewController.swift in Sources */,
				A50FCAA62314330D00F0F3E5 /* OneViewController.swift in Sources */,
				A57FA1852314584E0012745F /* Controller.swift in Sources */,
			);
			runOnlyForDeploymentPostprocessing = 0;
		};
/* End PBXSourcesBuildPhase section */

/* Begin PBXVariantGroup section */
		A531C1EA2310865A00007AFD /* LaunchScreen.storyboard */ = {
			isa = PBXVariantGroup;
			children = (
				A531C1EB2310865A00007AFD /* Base */,
			);
			name = LaunchScreen.storyboard;
			sourceTree = "<group>";
		};
/* End PBXVariantGroup section */

/* Begin XCBuildConfiguration section */
		A531C1EE2310865A00007AFD /* Debug */ = {
			isa = XCBuildConfiguration;
			buildSettings = {
				ALWAYS_SEARCH_USER_PATHS = NO;
				CLANG_ANALYZER_NONNULL = YES;
				CLANG_ANALYZER_NUMBER_OBJECT_CONVERSION = YES_AGGRESSIVE;
				CLANG_CXX_LANGUAGE_STANDARD = "gnu++14";
				CLANG_CXX_LIBRARY = "libc++";
				CLANG_ENABLE_MODULES = YES;
				CLANG_ENABLE_OBJC_ARC = YES;
				CLANG_ENABLE_OBJC_WEAK = YES;
				CLANG_WARN_BLOCK_CAPTURE_AUTORELEASING = YES;
				CLANG_WARN_BOOL_CONVERSION = YES;
				CLANG_WARN_COMMA = YES;
				CLANG_WARN_CONSTANT_CONVERSION = YES;
				CLANG_WARN_DEPRECATED_OBJC_IMPLEMENTATIONS = YES;
				CLANG_WARN_DIRECT_OBJC_ISA_USAGE = YES_ERROR;
				CLANG_WARN_DOCUMENTATION_COMMENTS = YES;
				CLANG_WARN_EMPTY_BODY = YES;
				CLANG_WARN_ENUM_CONVERSION = YES;
				CLANG_WARN_INFINITE_RECURSION = YES;
				CLANG_WARN_INT_CONVERSION = YES;
				CLANG_WARN_NON_LITERAL_NULL_CONVERSION = YES;
				CLANG_WARN_OBJC_IMPLICIT_RETAIN_SELF = YES;
				CLANG_WARN_OBJC_LITERAL_CONVERSION = YES;
				CLANG_WARN_OBJC_ROOT_CLASS = YES_ERROR;
				CLANG_WARN_RANGE_LOOP_ANALYSIS = YES;
				CLANG_WARN_STRICT_PROTOTYPES = YES;
				CLANG_WARN_SUSPICIOUS_MOVE = YES;
				CLANG_WARN_UNGUARDED_AVAILABILITY = YES_AGGRESSIVE;
				CLANG_WARN_UNREACHABLE_CODE = YES;
				CLANG_WARN__DUPLICATE_METHOD_MATCH = YES;
				CODE_SIGN_IDENTITY = "iPhone Developer";
				COPY_PHASE_STRIP = NO;
				DEBUG_INFORMATION_FORMAT = dwarf;
				ENABLE_STRICT_OBJC_MSGSEND = YES;
				ENABLE_TESTABILITY = YES;
				GCC_C_LANGUAGE_STANDARD = gnu11;
				GCC_DYNAMIC_NO_PIC = NO;
				GCC_NO_COMMON_BLOCKS = YES;
				GCC_OPTIMIZATION_LEVEL = 0;
				GCC_PREPROCESSOR_DEFINITIONS = (
					"DEBUG=1",
					"$(inherited)",
				);
				GCC_WARN_64_TO_32_BIT_CONVERSION = YES;
				GCC_WARN_ABOUT_RETURN_TYPE = YES_ERROR;
				GCC_WARN_UNDECLARED_SELECTOR = YES;
				GCC_WARN_UNINITIALIZED_AUTOS = YES_AGGRESSIVE;
				GCC_WARN_UNUSED_FUNCTION = YES;
				GCC_WARN_UNUSED_VARIABLE = YES;
				IPHONEOS_DEPLOYMENT_TARGET = 12.1;
				MTL_ENABLE_DEBUG_INFO = INCLUDE_SOURCE;
				MTL_FAST_MATH = YES;
				ONLY_ACTIVE_ARCH = YES;
				SDKROOT = iphoneos;
				SWIFT_ACTIVE_COMPILATION_CONDITIONS = DEBUG;
				SWIFT_OPTIMIZATION_LEVEL = "-Onone";
			};
			name = Debug;
		};
		A531C1EF2310865A00007AFD /* Release */ = {
			isa = XCBuildConfiguration;
			buildSettings = {
				ALWAYS_SEARCH_USER_PATHS = NO;
				CLANG_ANALYZER_NONNULL = YES;
				CLANG_ANALYZER_NUMBER_OBJECT_CONVERSION = YES_AGGRESSIVE;
				CLANG_CXX_LANGUAGE_STANDARD = "gnu++14";
				CLANG_CXX_LIBRARY = "libc++";
				CLANG_ENABLE_MODULES = YES;
				CLANG_ENABLE_OBJC_ARC = YES;
				CLANG_ENABLE_OBJC_WEAK = YES;
				CLANG_WARN_BLOCK_CAPTURE_AUTORELEASING = YES;
				CLANG_WARN_BOOL_CONVERSION = YES;
				CLANG_WARN_COMMA = YES;
				CLANG_WARN_CONSTANT_CONVERSION = YES;
				CLANG_WARN_DEPRECATED_OBJC_IMPLEMENTATIONS = YES;
				CLANG_WARN_DIRECT_OBJC_ISA_USAGE = YES_ERROR;
				CLANG_WARN_DOCUMENTATION_COMMENTS = YES;
				CLANG_WARN_EMPTY_BODY = YES;
				CLANG_WARN_ENUM_CONVERSION = YES;
				CLANG_WARN_INFINITE_RECURSION = YES;
				CLANG_WARN_INT_CONVERSION = YES;
				CLANG_WARN_NON_LITERAL_NULL_CONVERSION = YES;
				CLANG_WARN_OBJC_IMPLICIT_RETAIN_SELF = YES;
				CLANG_WARN_OBJC_LITERAL_CONVERSION = YES;
				CLANG_WARN_OBJC_ROOT_CLASS = YES_ERROR;
				CLANG_WARN_RANGE_LOOP_ANALYSIS = YES;
				CLANG_WARN_STRICT_PROTOTYPES = YES;
				CLANG_WARN_SUSPICIOUS_MOVE = YES;
				CLANG_WARN_UNGUARDED_AVAILABILITY = YES_AGGRESSIVE;
				CLANG_WARN_UNREACHABLE_CODE = YES;
				CLANG_WARN__DUPLICATE_METHOD_MATCH = YES;
				CODE_SIGN_IDENTITY = "iPhone Developer";
				COPY_PHASE_STRIP = NO;
				DEBUG_INFORMATION_FORMAT = "dwarf-with-dsym";
				ENABLE_NS_ASSERTIONS = NO;
				ENABLE_STRICT_OBJC_MSGSEND = YES;
				GCC_C_LANGUAGE_STANDARD = gnu11;
				GCC_NO_COMMON_BLOCKS = YES;
				GCC_WARN_64_TO_32_BIT_CONVERSION = YES;
				GCC_WARN_ABOUT_RETURN_TYPE = YES_ERROR;
				GCC_WARN_UNDECLARED_SELECTOR = YES;
				GCC_WARN_UNINITIALIZED_AUTOS = YES_AGGRESSIVE;
				GCC_WARN_UNUSED_FUNCTION = YES;
				GCC_WARN_UNUSED_VARIABLE = YES;
				IPHONEOS_DEPLOYMENT_TARGET = 12.1;
				MTL_ENABLE_DEBUG_INFO = NO;
				MTL_FAST_MATH = YES;
				SDKROOT = iphoneos;
				SWIFT_COMPILATION_MODE = wholemodule;
				SWIFT_OPTIMIZATION_LEVEL = "-O";
				VALIDATE_PRODUCT = YES;
			};
			name = Release;
		};
		A531C1F12310865A00007AFD /* Debug */ = {
			isa = XCBuildConfiguration;
			baseConfigurationReference = 2A2B43451C3220BE97341088 /* Pods-Netix.debug.xcconfig */;
			buildSettings = {
				ASSETCATALOG_COMPILER_APPICON_NAME = AppIcon;
				CODE_SIGN_STYLE = Automatic;
				INFOPLIST_FILE = Netix/Info.plist;
				LD_RUNPATH_SEARCH_PATHS = (
					"$(inherited)",
					"@executable_path/Frameworks",
				);
				PRODUCT_BUNDLE_IDENTIFIER = com.jenifer.web.Netix;
				PRODUCT_NAME = "$(TARGET_NAME)";
				SWIFT_VERSION = 4.2;
				TARGETED_DEVICE_FAMILY = "1,2";
			};
			name = Debug;
		};
		A531C1F22310865A00007AFD /* Release */ = {
			isa = XCBuildConfiguration;
			baseConfigurationReference = 06F64475351037FCDD662CD7 /* Pods-Netix.release.xcconfig */;
			buildSettings = {
				ASSETCATALOG_COMPILER_APPICON_NAME = AppIcon;
				CODE_SIGN_STYLE = Automatic;
				INFOPLIST_FILE = Netix/Info.plist;
				LD_RUNPATH_SEARCH_PATHS = (
					"$(inherited)",
					"@executable_path/Frameworks",
				);
				PRODUCT_BUNDLE_IDENTIFIER = com.jenifer.web.Netix;
				PRODUCT_NAME = "$(TARGET_NAME)";
				SWIFT_VERSION = 4.2;
				TARGETED_DEVICE_FAMILY = "1,2";
			};
			name = Release;
		};
/* End XCBuildConfiguration section */

/* Begin XCConfigurationList section */
		A531C1D92310865800007AFD /* Build configuration list for PBXProject "Netix" */ = {
			isa = XCConfigurationList;
			buildConfigurations = (
				A531C1EE2310865A00007AFD /* Debug */,
				A531C1EF2310865A00007AFD /* Release */,
			);
			defaultConfigurationIsVisible = 0;
			defaultConfigurationName = Release;
		};
		A531C1F02310865A00007AFD /* Build configuration list for PBXNativeTarget "Netix" */ = {
			isa = XCConfigurationList;
			buildConfigurations = (
				A531C1F12310865A00007AFD /* Debug */,
				A531C1F22310865A00007AFD /* Release */,
			);
			defaultConfigurationIsVisible = 0;
			defaultConfigurationName = Release;
		};
/* End XCConfigurationList section */
	};
	rootObject = A531C1D62310865800007AFD /* Project object */;
}
